
Microsoft Visual Studio Solution File, Format Version 12.00
# Visual Studio Version 17
VisualStudioVersion = 17.2.32630.192
MinimumVisualStudioVersion = 10.0.40219.1
Project("{2150E333-8FDC-42A3-9474-1A3956D46DE8}") = "Services", "Services", "{1B1BE2C8-FEB9-4AFC-9469-5B778661EBD5}"
EndProject
Project("{2150E333-8FDC-42A3-9474-1A3956D46DE8}") = "Catalog", "Catalog", "{225250DC-FE49-4449-9EC2-2FC437D47581}"
EndProject
Project("{FAE04EC0-301F-11D3-BF4B-00C04F79EFBC}") = "CatalogApi", "Services\Catalog\CatalogApi\CatalogApi.csproj", "{089E2BDF-135A-4680-8C13-70E089B3A05F}"
EndProject
Global
	GlobalSection(SolutionConfigurationPlatforms) = preSolution
		Debug|Any CPU = Debug|Any CPU
		Release|Any CPU = Release|Any CPU
	EndGlobalSection
	GlobalSection(ProjectConfigurationPlatforms) = postSolution
		{089E2BDF-135A-4680-8C13-70E089B3A05F}.Debug|Any CPU.ActiveCfg = Debug|Any CPU
		{089E2BDF-135A-4680-8C13-70E089B3A05F}.Debug|Any CPU.Build.0 = Debug|Any CPU
		{089E2BDF-135A-4680-8C13-70E089B3A05F}.Release|Any CPU.ActiveCfg = Release|Any CPU
		{089E2BDF-135A-4680-8C13-70E089B3A05F}.Release|Any CPU.Build.0 = Release|Any CPU
	EndGlobalSection
	GlobalSection(SolutionProperties) = preSolution
		HideSolutionNode = FALSE
	EndGlobalSection
	GlobalSection(NestedProjects) = preSolution
		{225250DC-FE49-4449-9EC2-2FC437D47581} = {1B1BE2C8-FEB9-4AFC-9469-5B778661EBD5}
		{089E2BDF-135A-4680-8C13-70E089B3A05F} = {225250DC-FE49-4449-9EC2-2FC437D47581}
	EndGlobalSection
	GlobalSection(ExtensibilityGlobals) = postSolution
		SolutionGuid = {4E6BC00B-2B22-4E0D-A614-57563DC4E591}
	EndGlobalSection
EndGlobal
